
Microsoft Visual Studio Solution File, Format Version 12.00
# Visual Studio Version 16
VisualStudioVersion = 16.0.31911.196
MinimumVisualStudioVersion = 10.0.40219.1
Project("{9A19103F-16F7-4668-BE54-9A1E7A4F7556}") = "DataAccess", "DataAccess\DataAccess.csproj", "{FC0510FB-8503-4043-BDF9-0F4B52FC722B}"
EndProject
Project("{9A19103F-16F7-4668-BE54-9A1E7A4F7556}") = "Bussines", "Bussines\Bussines.csproj", "{8FEBBB84-518E-4A9E-893F-6B2305A752E3}"
EndProject
Project("{9A19103F-16F7-4668-BE54-9A1E7A4F7556}") = "Entities", "Entities\Entities.csproj", "{5FCA4890-40F5-461F-8684-9BC8C841E285}"
EndProject
Project("{9A19103F-16F7-4668-BE54-9A1E7A4F7556}") = "ConsoleUI", "ConsoleUI\ConsoleUI.csproj", "{A8A19343-872C-4FB2-BE60-205D43B40438}"
EndProject
Project("{9A19103F-16F7-4668-BE54-9A1E7A4F7556}") = "Core", "Core\Core.csproj", "{7179F372-CF61-4FD6-89A3-B61C72DCD5BF}"
EndProject
Project("{9A19103F-16F7-4668-BE54-9A1E7A4F7556}") = "WebApi", "WebApplication1\WebApi.csproj", "{957FF7F6-710F-4726-A56A-9DBA947379B6}"
EndProject
Global
	GlobalSection(SolutionConfigurationPlatforms) = preSolution
		Debug|Any CPU = Debug|Any CPU
		Release|Any CPU = Release|Any CPU
	EndGlobalSection
	GlobalSection(ProjectConfigurationPlatforms) = postSolution
		{FC0510FB-8503-4043-BDF9-0F4B52FC722B}.Debug|Any CPU.ActiveCfg = Debug|Any CPU
		{FC0510FB-8503-4043-BDF9-0F4B52FC722B}.Debug|Any CPU.Build.0 = Debug|Any CPU
		{FC0510FB-8503-4043-BDF9-0F4B52FC722B}.Release|Any CPU.ActiveCfg = Release|Any CPU
		{FC0510FB-8503-4043-BDF9-0F4B52FC722B}.Release|Any CPU.Build.0 = Release|Any CPU
		{8FEBBB84-518E-4A9E-893F-6B2305A752E3}.Debug|Any CPU.ActiveCfg = Debug|Any CPU
		{8FEBBB84-518E-4A9E-893F-6B2305A752E3}.Debug|Any CPU.Build.0 = Debug|Any CPU
		{8FEBBB84-518E-4A9E-893F-6B2305A752E3}.Release|Any CPU.ActiveCfg = Release|Any CPU
		{8FEBBB84-518E-4A9E-893F-6B2305A752E3}.Release|Any CPU.Build.0 = Release|Any CPU
		{5FCA4890-40F5-461F-8684-9BC8C841E285}.Debug|Any CPU.ActiveCfg = Debug|Any CPU
		{5FCA4890-40F5-461F-8684-9BC8C841E285}.Debug|Any CPU.Build.0 = Debug|Any CPU
		{5FCA4890-40F5-461F-8684-9BC8C841E285}.Release|Any CPU.ActiveCfg = Release|Any CPU
		{5FCA4890-40F5-461F-8684-9BC8C841E285}.Release|Any CPU.Build.0 = Release|Any CPU
		{A8A19343-872C-4FB2-BE60-205D43B40438}.Debug|Any CPU.ActiveCfg = Debug|Any CPU
		{A8A19343-872C-4FB2-BE60-205D43B40438}.Debug|Any CPU.Build.0 = Debug|Any CPU
		{A8A19343-872C-4FB2-BE60-205D43B40438}.Release|Any CPU.ActiveCfg = Release|Any CPU
		{A8A19343-872C-4FB2-BE60-205D43B40438}.Release|Any CPU.Build.0 = Release|Any CPU
		{7179F372-CF61-4FD6-89A3-B61C72DCD5BF}.Debug|Any CPU.ActiveCfg = Debug|Any CPU
		{7179F372-CF61-4FD6-89A3-B61C72DCD5BF}.Debug|Any CPU.Build.0 = Debug|Any CPU
		{7179F372-CF61-4FD6-89A3-B61C72DCD5BF}.Release|Any CPU.ActiveCfg = Release|Any CPU
		{7179F372-CF61-4FD6-89A3-B61C72DCD5BF}.Release|Any CPU.Build.0 = Release|Any CPU
		{957FF7F6-710F-4726-A56A-9DBA947379B6}.Debug|Any CPU.ActiveCfg = Debug|Any CPU
		{957FF7F6-710F-4726-A56A-9DBA947379B6}.Debug|Any CPU.Build.0 = Debug|Any CPU
		{957FF7F6-710F-4726-A56A-9DBA947379B6}.Release|Any CPU.ActiveCfg = Release|Any CPU
		{957FF7F6-710F-4726-A56A-9DBA947379B6}.Release|Any CPU.Build.0 = Release|Any CPU
	EndGlobalSection
	GlobalSection(SolutionProperties) = preSolution
		HideSolutionNode = FALSE
	EndGlobalSection
	GlobalSection(ExtensibilityGlobals) = postSolution
		SolutionGuid = {358FB7EC-1B34-4339-B6B9-132CA832D7E7}
	EndGlobalSection
EndGlobal
